
Microsoft Visual Studio Solution File, Format Version 12.00
# Visual Studio 14
VisualStudioVersion = 14.0.24720.0
MinimumVisualStudioVersion = 10.0.40219.1
Project("{FAE04EC0-301F-11D3-BF4B-00C04F79EFBC}") = "CustomIdentitySample", "CustomIdentitySample\CustomIdentitySample.csproj", "{698B5368-6698-47F0-9838-76B59A1D4BBB}"
EndProject
Project("{FAE04EC0-301F-11D3-BF4B-00C04F79EFBC}") = "AspNet.Identity.SQLite", "AspNet.Identity.SQLite\AspNet.Identity.SQLite.csproj", "{DA2CA14B-FA3C-4755-A6E8-49260ADB1B0C}"
EndProject
Project("{FAE04EC0-301F-11D3-BF4B-00C04F79EFBC}") = "AspNet.Identity.MySQL", "AspNet.Identity.MySQL\AspNet.Identity.MySQL.csproj", "{26F6ECF9-4369-417B-8CF2-54FA92DF3660}"
EndProject
Global
	GlobalSection(SolutionConfigurationPlatforms) = preSolution
		Debug|Any CPU = Debug|Any CPU
		Release|Any CPU = Release|Any CPU
	EndGlobalSection
	GlobalSection(ProjectConfigurationPlatforms) = postSolution
		{698B5368-6698-47F0-9838-76B59A1D4BBB}.Debug|Any CPU.ActiveCfg = Debug|Any CPU
		{698B5368-6698-47F0-9838-76B59A1D4BBB}.Debug|Any CPU.Build.0 = Debug|Any CPU
		{698B5368-6698-47F0-9838-76B59A1D4BBB}.Release|Any CPU.ActiveCfg = Release|Any CPU
		{698B5368-6698-47F0-9838-76B59A1D4BBB}.Release|Any CPU.Build.0 = Release|Any CPU
		{DA2CA14B-FA3C-4755-A6E8-49260ADB1B0C}.Debug|Any CPU.ActiveCfg = Debug|Any CPU
		{DA2CA14B-FA3C-4755-A6E8-49260ADB1B0C}.Debug|Any CPU.Build.0 = Debug|Any CPU
		{DA2CA14B-FA3C-4755-A6E8-49260ADB1B0C}.Release|Any CPU.ActiveCfg = Release|Any CPU
		{DA2CA14B-FA3C-4755-A6E8-49260ADB1B0C}.Release|Any CPU.Build.0 = Release|Any CPU
		{26F6ECF9-4369-417B-8CF2-54FA92DF3660}.Debug|Any CPU.ActiveCfg = Debug|Any CPU
		{26F6ECF9-4369-417B-8CF2-54FA92DF3660}.Debug|Any CPU.Build.0 = Debug|Any CPU
		{26F6ECF9-4369-417B-8CF2-54FA92DF3660}.Release|Any CPU.ActiveCfg = Release|Any CPU
		{26F6ECF9-4369-417B-8CF2-54FA92DF3660}.Release|Any CPU.Build.0 = Release|Any CPU
	EndGlobalSection
	GlobalSection(SolutionProperties) = preSolution
		HideSolutionNode = FALSE
	EndGlobalSection
EndGlobal
